
Microsoft Visual Studio Solution File, Format Version 12.00
# Visual Studio 2012
Project("{FAE04EC0-301F-11D3-BF4B-00C04F79EFBC}") = "HelloWorld", "HelloWorld\HelloWorld.csproj", "{558A6006-B625-439E-8A5B-78B63B68EC15}"
EndProject
Global
	GlobalSection(SolutionConfigurationPlatforms) = preSolution
		Debug|x86 = Debug|x86
		Release|x86 = Release|x86
	EndGlobalSection
	GlobalSection(ProjectConfigurationPlatforms) = postSolution
		{558A6006-B625-439E-8A5B-78B63B68EC15}.Debug|x86.ActiveCfg = Debug|x86
		{558A6006-B625-439E-8A5B-78B63B68EC15}.Debug|x86.Build.0 = Debug|x86
		{558A6006-B625-439E-8A5B-78B63B68EC15}.Release|x86.ActiveCfg = Release|x86
		{558A6006-B625-439E-8A5B-78B63B68EC15}.Release|x86.Build.0 = Release|x86
	EndGlobalSection
EndGlobal
